// !$*UTF8*$!
{
	archiveVersion = 1;
	classes = {
	};
	objectVersion = 55;
	objects = {

/* Begin PBXBuildFile section */
		7FAFD294288D4A94006712DC /* CoverImageView.swift in Sources */ = {isa = PBXBuildFile; fileRef = 7FAFD293288D4A94006712DC /* CoverImageView.swift */; };
		7FAFD297288D4CA7006712DC /* CoverImageModel.swift in Sources */ = {isa = PBXBuildFile; fileRef = 7FAFD296288D4CA7006712DC /* CoverImageModel.swift */; };
		7FAFD29A288D4EC9006712DC /* CodableBundleExtension.swift in Sources */ = {isa = PBXBuildFile; fileRef = 7FAFD299288D4EC9006712DC /* CodableBundleExtension.swift */; };
		7FAFD29C288D6C90006712DC /* AnimalListItemView.swift in Sources */ = {isa = PBXBuildFile; fileRef = 7FAFD29B288D6C90006712DC /* AnimalListItemView.swift */; };
		7FAFD29E288D6DC7006712DC /* AnimalModel.swift in Sources */ = {isa = PBXBuildFile; fileRef = 7FAFD29D288D6DC7006712DC /* AnimalModel.swift */; };
		7FAFD2A0288D81AC006712DC /* AnimalDetailView.swift in Sources */ = {isa = PBXBuildFile; fileRef = 7FAFD29F288D81AC006712DC /* AnimalDetailView.swift */; };
		7FAFD2A2288D83C6006712DC /* HeadingView.swift in Sources */ = {isa = PBXBuildFile; fileRef = 7FAFD2A1288D83C6006712DC /* HeadingView.swift */; };
		7FAFD2A4288D84C2006712DC /* InsetGalleryView.swift in Sources */ = {isa = PBXBuildFile; fileRef = 7FAFD2A3288D84C2006712DC /* InsetGalleryView.swift */; };
		7FAFD2A6288DA62E006712DC /* InsetFactView.swift in Sources */ = {isa = PBXBuildFile; fileRef = 7FAFD2A5288DA62E006712DC /* InsetFactView.swift */; };
		7FAFD2A8288DA894006712DC /* InsetMapView.swift in Sources */ = {isa = PBXBuildFile; fileRef = 7FAFD2A7288DA894006712DC /* InsetMapView.swift */; };
		7FD47E9928886048001E1596 /* SundaneseApp.swift in Sources */ = {isa = PBXBuildFile; fileRef = 7FD47E9828886048001E1596 /* SundaneseApp.swift */; };
		7FD47E9B28886048001E1596 /* ContentView.swift in Sources */ = {isa = PBXBuildFile; fileRef = 7FD47E9A28886048001E1596 /* ContentView.swift */; };
		7FD47E9D2888604A001E1596 /* Assets.xcassets in Resources */ = {isa = PBXBuildFile; fileRef = 7FD47E9C2888604A001E1596 /* Assets.xcassets */; };
		7FD47EA02888604A001E1596 /* Preview Assets.xcassets in Resources */ = {isa = PBXBuildFile; fileRef = 7FD47E9F2888604A001E1596 /* Preview Assets.xcassets */; };
		7FD47EA22888604A001E1596 /* Persistence.swift in Sources */ = {isa = PBXBuildFile; fileRef = 7FD47EA12888604A001E1596 /* Persistence.swift */; };
		7FD47EA52888604A001E1596 /* Sundanese.xcdatamodeld in Sources */ = {isa = PBXBuildFile; fileRef = 7FD47EA32888604A001E1596 /* Sundanese.xcdatamodeld */; };
		7FD47EAF2888604A001E1596 /* SundaneseTests.swift in Sources */ = {isa = PBXBuildFile; fileRef = 7FD47EAE2888604A001E1596 /* SundaneseTests.swift */; };
		7FD47EB92888604A001E1596 /* SundaneseUITests.swift in Sources */ = {isa = PBXBuildFile; fileRef = 7FD47EB82888604A001E1596 /* SundaneseUITests.swift */; };
		7FD47EBB2888604A001E1596 /* SundaneseUITestsLaunchTests.swift in Sources */ = {isa = PBXBuildFile; fileRef = 7FD47EBA2888604A001E1596 /* SundaneseUITestsLaunchTests.swift */; };
		7FD47ED228886545001E1596 /* elephant.mp4 in Resources */ = {isa = PBXBuildFile; fileRef = 7FD47EC828886542001E1596 /* elephant.mp4 */; };
		7FD47ED328886545001E1596 /* elephant.mp4 in Resources */ = {isa = PBXBuildFile; fileRef = 7FD47EC828886542001E1596 /* elephant.mp4 */; };
		7FD47ED428886545001E1596 /* elephant.mp4 in Resources */ = {isa = PBXBuildFile; fileRef = 7FD47EC828886542001E1596 /* elephant.mp4 */; };
		7FD47ED528886545001E1596 /* lion.mp4 in Resources */ = {isa = PBXBuildFile; fileRef = 7FD47EC928886542001E1596 /* lion.mp4 */; };
		7FD47ED628886545001E1596 /* lion.mp4 in Resources */ = {isa = PBXBuildFile; fileRef = 7FD47EC928886542001E1596 /* lion.mp4 */; };
		7FD47ED728886545001E1596 /* lion.mp4 in Resources */ = {isa = PBXBuildFile; fileRef = 7FD47EC928886542001E1596 /* lion.mp4 */; };
		7FD47ED828886545001E1596 /* rhino.mp4 in Resources */ = {isa = PBXBuildFile; fileRef = 7FD47ECA28886542001E1596 /* rhino.mp4 */; };
		7FD47ED928886545001E1596 /* rhino.mp4 in Resources */ = {isa = PBXBuildFile; fileRef = 7FD47ECA28886542001E1596 /* rhino.mp4 */; };
		7FD47EDA28886545001E1596 /* rhino.mp4 in Resources */ = {isa = PBXBuildFile; fileRef = 7FD47ECA28886542001E1596 /* rhino.mp4 */; };
		7FD47EDB28886545001E1596 /* hippo.mp4 in Resources */ = {isa = PBXBuildFile; fileRef = 7FD47ECB28886543001E1596 /* hippo.mp4 */; };
		7FD47EDC28886545001E1596 /* hippo.mp4 in Resources */ = {isa = PBXBuildFile; fileRef = 7FD47ECB28886543001E1596 /* hippo.mp4 */; };
		7FD47EDD28886545001E1596 /* hippo.mp4 in Resources */ = {isa = PBXBuildFile; fileRef = 7FD47ECB28886543001E1596 /* hippo.mp4 */; };
		7FD47EDE28886545001E1596 /* gorilla.mp4 in Resources */ = {isa = PBXBuildFile; fileRef = 7FD47ECC28886543001E1596 /* gorilla.mp4 */; };
		7FD47EDF28886545001E1596 /* gorilla.mp4 in Resources */ = {isa = PBXBuildFile; fileRef = 7FD47ECC28886543001E1596 /* gorilla.mp4 */; };
		7FD47EE028886545001E1596 /* gorilla.mp4 in Resources */ = {isa = PBXBuildFile; fileRef = 7FD47ECC28886543001E1596 /* gorilla.mp4 */; };
		7FD47EE128886545001E1596 /* giraffe.mp4 in Resources */ = {isa = PBXBuildFile; fileRef = 7FD47ECD28886543001E1596 /* giraffe.mp4 */; };
		7FD47EE228886545001E1596 /* giraffe.mp4 in Resources */ = {isa = PBXBuildFile; fileRef = 7FD47ECD28886543001E1596 /* giraffe.mp4 */; };
		7FD47EE328886545001E1596 /* giraffe.mp4 in Resources */ = {isa = PBXBuildFile; fileRef = 7FD47ECD28886543001E1596 /* giraffe.mp4 */; };
		7FD47EE428886545001E1596 /* cheetah.mp4 in Resources */ = {isa = PBXBuildFile; fileRef = 7FD47ECE28886544001E1596 /* cheetah.mp4 */; };
		7FD47EE528886545001E1596 /* cheetah.mp4 in Resources */ = {isa = PBXBuildFile; fileRef = 7FD47ECE28886544001E1596 /* cheetah.mp4 */; };
		7FD47EE628886545001E1596 /* cheetah.mp4 in Resources */ = {isa = PBXBuildFile; fileRef = 7FD47ECE28886544001E1596 /* cheetah.mp4 */; };
		7FD47EE728886545001E1596 /* zebra.mp4 in Resources */ = {isa = PBXBuildFile; fileRef = 7FD47ECF28886544001E1596 /* zebra.mp4 */; };
		7FD47EE828886545001E1596 /* zebra.mp4 in Resources */ = {isa = PBXBuildFile; fileRef = 7FD47ECF28886544001E1596 /* zebra.mp4 */; };
		7FD47EE928886545001E1596 /* zebra.mp4 in Resources */ = {isa = PBXBuildFile; fileRef = 7FD47ECF28886544001E1596 /* zebra.mp4 */; };
		7FD47EEA28886545001E1596 /* ostrich.mp4 in Resources */ = {isa = PBXBuildFile; fileRef = 7FD47ED028886545001E1596 /* ostrich.mp4 */; };
		7FD47EEB28886545001E1596 /* ostrich.mp4 in Resources */ = {isa = PBXBuildFile; fileRef = 7FD47ED028886545001E1596 /* ostrich.mp4 */; };
		7FD47EEC28886545001E1596 /* ostrich.mp4 in Resources */ = {isa = PBXBuildFile; fileRef = 7FD47ED028886545001E1596 /* ostrich.mp4 */; };
		7FD47EED28886545001E1596 /* lioness.mp4 in Resources */ = {isa = PBXBuildFile; fileRef = 7FD47ED128886545001E1596 /* lioness.mp4 */; };
		7FD47EEE28886545001E1596 /* lioness.mp4 in Resources */ = {isa = PBXBuildFile; fileRef = 7FD47ED128886545001E1596 /* lioness.mp4 */; };
		7FD47EEF28886545001E1596 /* lioness.mp4 in Resources */ = {isa = PBXBuildFile; fileRef = 7FD47ED128886545001E1596 /* lioness.mp4 */; };
		7FD47EF52888658C001E1596 /* covers.json in Resources */ = {isa = PBXBuildFile; fileRef = 7FD47EF12888658C001E1596 /* covers.json */; };
		7FD47EF62888658C001E1596 /* covers.json in Resources */ = {isa = PBXBuildFile; fileRef = 7FD47EF12888658C001E1596 /* covers.json */; };
		7FD47EF72888658C001E1596 /* covers.json in Resources */ = {isa = PBXBuildFile; fileRef = 7FD47EF12888658C001E1596 /* covers.json */; };
		7FD47EF82888658C001E1596 /* locations.json in Resources */ = {isa = PBXBuildFile; fileRef = 7FD47EF22888658C001E1596 /* locations.json */; };
		7FD47EF92888658C001E1596 /* locations.json in Resources */ = {isa = PBXBuildFile; fileRef = 7FD47EF22888658C001E1596 /* locations.json */; };
		7FD47EFA2888658C001E1596 /* locations.json in Resources */ = {isa = PBXBuildFile; fileRef = 7FD47EF22888658C001E1596 /* locations.json */; };
		7FD47EFB2888658C001E1596 /* animals.json in Resources */ = {isa = PBXBuildFile; fileRef = 7FD47EF32888658C001E1596 /* animals.json */; };
		7FD47EFC2888658C001E1596 /* animals.json in Resources */ = {isa = PBXBuildFile; fileRef = 7FD47EF32888658C001E1596 /* animals.json */; };
		7FD47EFD2888658C001E1596 /* animals.json in Resources */ = {isa = PBXBuildFile; fileRef = 7FD47EF32888658C001E1596 /* animals.json */; };
		7FD47EFE2888658C001E1596 /* videos.json in Resources */ = {isa = PBXBuildFile; fileRef = 7FD47EF42888658C001E1596 /* videos.json */; };
		7FD47EFF2888658C001E1596 /* videos.json in Resources */ = {isa = PBXBuildFile; fileRef = 7FD47EF42888658C001E1596 /* videos.json */; };
		7FD47F002888658C001E1596 /* videos.json in Resources */ = {isa = PBXBuildFile; fileRef = 7FD47EF42888658C001E1596 /* videos.json */; };
		7FD47F0528886788001E1596 /* VideoListView.swift in Sources */ = {isa = PBXBuildFile; fileRef = 7FD47F0428886788001E1596 /* VideoListView.swift */; };
		7FD47F0628886788001E1596 /* VideoListView.swift in Sources */ = {isa = PBXBuildFile; fileRef = 7FD47F0428886788001E1596 /* VideoListView.swift */; };
		7FD47F0728886788001E1596 /* VideoListView.swift in Sources */ = {isa = PBXBuildFile; fileRef = 7FD47F0428886788001E1596 /* VideoListView.swift */; };
		7FD47F0928886799001E1596 /* MapView.swift in Sources */ = {isa = PBXBuildFile; fileRef = 7FD47F0828886799001E1596 /* MapView.swift */; };
		7FD47F0A28886799001E1596 /* MapView.swift in Sources */ = {isa = PBXBuildFile; fileRef = 7FD47F0828886799001E1596 /* MapView.swift */; };
		7FD47F0B28886799001E1596 /* MapView.swift in Sources */ = {isa = PBXBuildFile; fileRef = 7FD47F0828886799001E1596 /* MapView.swift */; };
		7FD47F0D288867AA001E1596 /* GalleryView.swift in Sources */ = {isa = PBXBuildFile; fileRef = 7FD47F0C288867AA001E1596 /* GalleryView.swift */; };
		7FD47F0E288867AA001E1596 /* GalleryView.swift in Sources */ = {isa = PBXBuildFile; fileRef = 7FD47F0C288867AA001E1596 /* GalleryView.swift */; };
		7FD47F0F288867AA001E1596 /* GalleryView.swift in Sources */ = {isa = PBXBuildFile; fileRef = 7FD47F0C288867AA001E1596 /* GalleryView.swift */; };
		7FD47F11288867B7001E1596 /* MainView.swift in Sources */ = {isa = PBXBuildFile; fileRef = 7FD47F10288867B6001E1596 /* MainView.swift */; };
		7FD47F12288867B7001E1596 /* MainView.swift in Sources */ = {isa = PBXBuildFile; fileRef = 7FD47F10288867B6001E1596 /* MainView.swift */; };
		7FD47F13288867B7001E1596 /* MainView.swift in Sources */ = {isa = PBXBuildFile; fileRef = 7FD47F10288867B6001E1596 /* MainView.swift */; };
/* End PBXBuildFile section */

/* Begin PBXContainerItemProxy section */
		7FD47EAB2888604A001E1596 /* PBXContainerItemProxy */ = {
			isa = PBXContainerItemProxy;
			containerPortal = 7FD47E8D28886048001E1596 /* Project object */;
			proxyType = 1;
			remoteGlobalIDString = 7FD47E9428886048001E1596;
			remoteInfo = Sundanese;
		};
		7FD47EB52888604A001E1596 /* PBXContainerItemProxy */ = {
			isa = PBXContainerItemProxy;
			containerPortal = 7FD47E8D28886048001E1596 /* Project object */;
			proxyType = 1;
			remoteGlobalIDString = 7FD47E9428886048001E1596;
			remoteInfo = Sundanese;
		};
/* End PBXContainerItemProxy section */

/* Begin PBXFileReference section */
		7FAFD293288D4A94006712DC /* CoverImageView.swift */ = {isa = PBXFileReference; lastKnownFileType = sourcecode.swift; path = CoverImageView.swift; sourceTree = "<group>"; };
		7FAFD296288D4CA7006712DC /* CoverImageModel.swift */ = {isa = PBXFileReference; lastKnownFileType = sourcecode.swift; path = CoverImageModel.swift; sourceTree = "<group>"; };
		7FAFD299288D4EC9006712DC /* CodableBundleExtension.swift */ = {isa = PBXFileReference; lastKnownFileType = sourcecode.swift; path = CodableBundleExtension.swift; sourceTree = "<group>"; };
		7FAFD29B288D6C90006712DC /* AnimalListItemView.swift */ = {isa = PBXFileReference; lastKnownFileType = sourcecode.swift; path = AnimalListItemView.swift; sourceTree = "<group>"; };
		7FAFD29D288D6DC7006712DC /* AnimalModel.swift */ = {isa = PBXFileReference; lastKnownFileType = sourcecode.swift; path = AnimalModel.swift; sourceTree = "<group>"; };
		7FAFD29F288D81AC006712DC /* AnimalDetailView.swift */ = {isa = PBXFileReference; lastKnownFileType = sourcecode.swift; path = AnimalDetailView.swift; sourceTree = "<group>"; };
		7FAFD2A1288D83C6006712DC /* HeadingView.swift */ = {isa = PBXFileReference; lastKnownFileType = sourcecode.swift; path = HeadingView.swift; sourceTree = "<group>"; };
		7FAFD2A3288D84C2006712DC /* InsetGalleryView.swift */ = {isa = PBXFileReference; lastKnownFileType = sourcecode.swift; path = InsetGalleryView.swift; sourceTree = "<group>"; };
		7FAFD2A5288DA62E006712DC /* InsetFactView.swift */ = {isa = PBXFileReference; lastKnownFileType = sourcecode.swift; path = InsetFactView.swift; sourceTree = "<group>"; };
		7FAFD2A7288DA894006712DC /* InsetMapView.swift */ = {isa = PBXFileReference; lastKnownFileType = sourcecode.swift; path = InsetMapView.swift; sourceTree = "<group>"; };
		7FD47E9528886048001E1596 /* Sundanese.app */ = {isa = PBXFileReference; explicitFileType = wrapper.application; includeInIndex = 0; path = Sundanese.app; sourceTree = BUILT_PRODUCTS_DIR; };
		7FD47E9828886048001E1596 /* SundaneseApp.swift */ = {isa = PBXFileReference; lastKnownFileType = sourcecode.swift; path = SundaneseApp.swift; sourceTree = "<group>"; };
		7FD47E9A28886048001E1596 /* ContentView.swift */ = {isa = PBXFileReference; lastKnownFileType = sourcecode.swift; path = ContentView.swift; sourceTree = "<group>"; };
		7FD47E9C2888604A001E1596 /* Assets.xcassets */ = {isa = PBXFileReference; lastKnownFileType = folder.assetcatalog; path = Assets.xcassets; sourceTree = "<group>"; };
		7FD47E9F2888604A001E1596 /* Preview Assets.xcassets */ = {isa = PBXFileReference; lastKnownFileType = folder.assetcatalog; path = "Preview Assets.xcassets"; sourceTree = "<group>"; };
		7FD47EA12888604A001E1596 /* Persistence.swift */ = {isa = PBXFileReference; lastKnownFileType = sourcecode.swift; path = Persistence.swift; sourceTree = "<group>"; };
		7FD47EA42888604A001E1596 /* Sundanese.xcdatamodel */ = {isa = PBXFileReference; lastKnownFileType = wrapper.xcdatamodel; path = Sundanese.xcdatamodel; sourceTree = "<group>"; };
		7FD47EAA2888604A001E1596 /* SundaneseTests.xctest */ = {isa = PBXFileReference; explicitFileType = wrapper.cfbundle; includeInIndex = 0; path = SundaneseTests.xctest; sourceTree = BUILT_PRODUCTS_DIR; };
		7FD47EAE2888604A001E1596 /* SundaneseTests.swift */ = {isa = PBXFileReference; lastKnownFileType = sourcecode.swift; path = SundaneseTests.swift; sourceTree = "<group>"; };
		7FD47EB42888604A001E1596 /* SundaneseUITests.xctest */ = {isa = PBXFileReference; explicitFileType = wrapper.cfbundle; includeInIndex = 0; path = SundaneseUITests.xctest; sourceTree = BUILT_PRODUCTS_DIR; };
		7FD47EB82888604A001E1596 /* SundaneseUITests.swift */ = {isa = PBXFileReference; lastKnownFileType = sourcecode.swift; path = SundaneseUITests.swift; sourceTree = "<group>"; };
		7FD47EBA2888604A001E1596 /* SundaneseUITestsLaunchTests.swift */ = {isa = PBXFileReference; lastKnownFileType = sourcecode.swift; path = SundaneseUITestsLaunchTests.swift; sourceTree = "<group>"; };
		7FD47EC828886542001E1596 /* elephant.mp4 */ = {isa = PBXFileReference; lastKnownFileType = file; path = elephant.mp4; sourceTree = "<group>"; };
		7FD47EC928886542001E1596 /* lion.mp4 */ = {isa = PBXFileReference; lastKnownFileType = file; path = lion.mp4; sourceTree = "<group>"; };
		7FD47ECA28886542001E1596 /* rhino.mp4 */ = {isa = PBXFileReference; lastKnownFileType = file; path = rhino.mp4; sourceTree = "<group>"; };
		7FD47ECB28886543001E1596 /* hippo.mp4 */ = {isa = PBXFileReference; lastKnownFileType = file; path = hippo.mp4; sourceTree = "<group>"; };
		7FD47ECC28886543001E1596 /* gorilla.mp4 */ = {isa = PBXFileReference; lastKnownFileType = file; path = gorilla.mp4; sourceTree = "<group>"; };
		7FD47ECD28886543001E1596 /* giraffe.mp4 */ = {isa = PBXFileReference; lastKnownFileType = file; path = giraffe.mp4; sourceTree = "<group>"; };
		7FD47ECE28886544001E1596 /* cheetah.mp4 */ = {isa = PBXFileReference; lastKnownFileType = file; path = cheetah.mp4; sourceTree = "<group>"; };
		7FD47ECF28886544001E1596 /* zebra.mp4 */ = {isa = PBXFileReference; lastKnownFileType = file; path = zebra.mp4; sourceTree = "<group>"; };
		7FD47ED028886545001E1596 /* ostrich.mp4 */ = {isa = PBXFileReference; lastKnownFileType = file; path = ostrich.mp4; sourceTree = "<group>"; };
		7FD47ED128886545001E1596 /* lioness.mp4 */ = {isa = PBXFileReference; lastKnownFileType = file; path = lioness.mp4; sourceTree = "<group>"; };
		7FD47EF12888658C001E1596 /* covers.json */ = {isa = PBXFileReference; fileEncoding = 4; lastKnownFileType = text.json; path = covers.json; sourceTree = "<group>"; };
		7FD47EF22888658C001E1596 /* locations.json */ = {isa = PBXFileReference; fileEncoding = 4; lastKnownFileType = text.json; path = locations.json; sourceTree = "<group>"; };
		7FD47EF32888658C001E1596 /* animals.json */ = {isa = PBXFileReference; fileEncoding = 4; lastKnownFileType = text.json; path = animals.json; sourceTree = "<group>"; };
		7FD47EF42888658C001E1596 /* videos.json */ = {isa = PBXFileReference; fileEncoding = 4; lastKnownFileType = text.json; path = videos.json; sourceTree = "<group>"; };
		7FD47F01288866A8001E1596 /* Info.plist */ = {isa = PBXFileReference; lastKnownFileType = text.plist; path = Info.plist; sourceTree = "<group>"; };
		7FD47F0428886788001E1596 /* VideoListView.swift */ = {isa = PBXFileReference; lastKnownFileType = sourcecode.swift; path = VideoListView.swift; sourceTree = "<group>"; };
		7FD47F0828886799001E1596 /* MapView.swift */ = {isa = PBXFileReference; lastKnownFileType = sourcecode.swift; path = MapView.swift; sourceTree = "<group>"; };
		7FD47F0C288867AA001E1596 /* GalleryView.swift */ = {isa = PBXFileReference; lastKnownFileType = sourcecode.swift; path = GalleryView.swift; sourceTree = "<group>"; };
		7FD47F10288867B6001E1596 /* MainView.swift */ = {isa = PBXFileReference; lastKnownFileType = sourcecode.swift; path = MainView.swift; sourceTree = "<group>"; };
/* End PBXFileReference section */

/* Begin PBXFrameworksBuildPhase section */
		7FD47E9228886048001E1596 /* Frameworks */ = {
			isa = PBXFrameworksBuildPhase;
			buildActionMask = 2147483647;
			files = (
			);
			runOnlyForDeploymentPostprocessing = 0;
		};
		7FD47EA72888604A001E1596 /* Frameworks */ = {
			isa = PBXFrameworksBuildPhase;
			buildActionMask = 2147483647;
			files = (
			);
			runOnlyForDeploymentPostprocessing = 0;
		};
		7FD47EB12888604A001E1596 /* Frameworks */ = {
			isa = PBXFrameworksBuildPhase;
			buildActionMask = 2147483647;
			files = (
			);
			runOnlyForDeploymentPostprocessing = 0;
		};
/* End PBXFrameworksBuildPhase section */

/* Begin PBXGroup section */
		7FAFD295288D4C08006712DC /* Model */ = {
			isa = PBXGroup;
			children = (
				7FAFD296288D4CA7006712DC /* CoverImageModel.swift */,
				7FAFD29D288D6DC7006712DC /* AnimalModel.swift */,
			);
			path = Model;
			sourceTree = "<group>";
		};
		7FAFD298288D4EB7006712DC /* Extension */ = {
			isa = PBXGroup;
			children = (
				7FAFD299288D4EC9006712DC /* CodableBundleExtension.swift */,
			);
			path = Extension;
			sourceTree = "<group>";
		};
		7FD47E8C28886048001E1596 = {
			isa = PBXGroup;
			children = (
				7FD47E9728886048001E1596 /* Sundanese */,
				7FD47EAD2888604A001E1596 /* SundaneseTests */,
				7FD47EB72888604A001E1596 /* SundaneseUITests */,
				7FD47E9628886048001E1596 /* Products */,
			);
			sourceTree = "<group>";
		};
		7FD47E9628886048001E1596 /* Products */ = {
			isa = PBXGroup;
			children = (
				7FD47E9528886048001E1596 /* Sundanese.app */,
				7FD47EAA2888604A001E1596 /* SundaneseTests.xctest */,
				7FD47EB42888604A001E1596 /* SundaneseUITests.xctest */,
			);
			name = Products;
			sourceTree = "<group>";
		};
		7FD47E9728886048001E1596 /* Sundanese */ = {
			isa = PBXGroup;
			children = (
				7FAFD298288D4EB7006712DC /* Extension */,
				7FAFD295288D4C08006712DC /* Model */,
				7FD47F022888673D001E1596 /* View */,
				7FD47F01288866A8001E1596 /* Info.plist */,
				7FD47EF02888657A001E1596 /* Data */,
				7FD47EC72888652D001E1596 /* Video */,
				7FD47F032888674F001E1596 /* App */,
				7FD47E9C2888604A001E1596 /* Assets.xcassets */,
				7FD47EA12888604A001E1596 /* Persistence.swift */,
				7FD47EA32888604A001E1596 /* Sundanese.xcdatamodeld */,
				7FD47E9E2888604A001E1596 /* Preview Content */,
			);
			path = Sundanese;
			sourceTree = "<group>";
		};
		7FD47E9E2888604A001E1596 /* Preview Content */ = {
			isa = PBXGroup;
			children = (
				7FD47E9F2888604A001E1596 /* Preview Assets.xcassets */,
			);
			path = "Preview Content";
			sourceTree = "<group>";
		};
		7FD47EAD2888604A001E1596 /* SundaneseTests */ = {
			isa = PBXGroup;
			children = (
				7FD47EAE2888604A001E1596 /* SundaneseTests.swift */,
			);
			path = SundaneseTests;
			sourceTree = "<group>";
		};
		7FD47EB72888604A001E1596 /* SundaneseUITests */ = {
			isa = PBXGroup;
			children = (
				7FD47EB82888604A001E1596 /* SundaneseUITests.swift */,
				7FD47EBA2888604A001E1596 /* SundaneseUITestsLaunchTests.swift */,
			);
			path = SundaneseUITests;
			sourceTree = "<group>";
		};
		7FD47EC72888652D001E1596 /* Video */ = {
			isa = PBXGroup;
			children = (
				7FD47ECE28886544001E1596 /* cheetah.mp4 */,
				7FD47EC828886542001E1596 /* elephant.mp4 */,
				7FD47ECD28886543001E1596 /* giraffe.mp4 */,
				7FD47ECC28886543001E1596 /* gorilla.mp4 */,
				7FD47ECB28886543001E1596 /* hippo.mp4 */,
				7FD47EC928886542001E1596 /* lion.mp4 */,
				7FD47ED128886545001E1596 /* lioness.mp4 */,
				7FD47ED028886545001E1596 /* ostrich.mp4 */,
				7FD47ECA28886542001E1596 /* rhino.mp4 */,
				7FD47ECF28886544001E1596 /* zebra.mp4 */,
			);
			path = Video;
			sourceTree = "<group>";
		};
		7FD47EF02888657A001E1596 /* Data */ = {
			isa = PBXGroup;
			children = (
				7FD47EF32888658C001E1596 /* animals.json */,
				7FD47EF12888658C001E1596 /* covers.json */,
				7FD47EF22888658C001E1596 /* locations.json */,
				7FD47EF42888658C001E1596 /* videos.json */,
			);
			path = Data;
			sourceTree = "<group>";
		};
		7FD47F022888673D001E1596 /* View */ = {
			isa = PBXGroup;
			children = (
				7FAFD293288D4A94006712DC /* CoverImageView.swift */,
				7FAFD29B288D6C90006712DC /* AnimalListItemView.swift */,
				7FAFD29F288D81AC006712DC /* AnimalDetailView.swift */,
				7FAFD2A1288D83C6006712DC /* HeadingView.swift */,
				7FAFD2A3288D84C2006712DC /* InsetGalleryView.swift */,
				7FAFD2A5288DA62E006712DC /* InsetFactView.swift */,
				7FAFD2A7288DA894006712DC /* InsetMapView.swift */,
			);
			path = View;
			sourceTree = "<group>";
		};
		7FD47F032888674F001E1596 /* App */ = {
			isa = PBXGroup;
			children = (
				7FD47E9828886048001E1596 /* SundaneseApp.swift */,
				7FD47E9A28886048001E1596 /* ContentView.swift */,
				7FD47F0428886788001E1596 /* VideoListView.swift */,
				7FD47F0828886799001E1596 /* MapView.swift */,
				7FD47F0C288867AA001E1596 /* GalleryView.swift */,
				7FD47F10288867B6001E1596 /* MainView.swift */,
			);
			path = App;
			sourceTree = "<group>";
		};
/* End PBXGroup section */

/* Begin PBXNativeTarget section */
		7FD47E9428886048001E1596 /* Sundanese */ = {
			isa = PBXNativeTarget;
			buildConfigurationList = 7FD47EBE2888604A001E1596 /* Build configuration list for PBXNativeTarget "Sundanese" */;
			buildPhases = (
				7FD47E9128886048001E1596 /* Sources */,
				7FD47E9228886048001E1596 /* Frameworks */,
				7FD47E9328886048001E1596 /* Resources */,
			);
			buildRules = (
			);
			dependencies = (
			);
			name = Sundanese;
			productName = Sundanese;
			productReference = 7FD47E9528886048001E1596 /* Sundanese.app */;
			productType = "com.apple.product-type.application";
		};
		7FD47EA92888604A001E1596 /* SundaneseTests */ = {
			isa = PBXNativeTarget;
			buildConfigurationList = 7FD47EC12888604A001E1596 /* Build configuration list for PBXNativeTarget "SundaneseTests" */;
			buildPhases = (
				7FD47EA62888604A001E1596 /* Sources */,
				7FD47EA72888604A001E1596 /* Frameworks */,
				7FD47EA82888604A001E1596 /* Resources */,
			);
			buildRules = (
			);
			dependencies = (
				7FD47EAC2888604A001E1596 /* PBXTargetDependency */,
			);
			name = SundaneseTests;
			productName = SundaneseTests;
			productReference = 7FD47EAA2888604A001E1596 /* SundaneseTests.xctest */;
			productType = "com.apple.product-type.bundle.unit-test";
		};
		7FD47EB32888604A001E1596 /* SundaneseUITests */ = {
			isa = PBXNativeTarget;
			buildConfigurationList = 7FD47EC42888604A001E1596 /* Build configuration list for PBXNativeTarget "SundaneseUITests" */;
			buildPhases = (
				7FD47EB02888604A001E1596 /* Sources */,
				7FD47EB12888604A001E1596 /* Frameworks */,
				7FD47EB22888604A001E1596 /* Resources */,
			);
			buildRules = (
			);
			dependencies = (
				7FD47EB62888604A001E1596 /* PBXTargetDependency */,
			);
			name = SundaneseUITests;
			productName = SundaneseUITests;
			productReference = 7FD47EB42888604A001E1596 /* SundaneseUITests.xctest */;
			productType = "com.apple.product-type.bundle.ui-testing";
		};
/* End PBXNativeTarget section */

/* Begin PBXProject section */
		7FD47E8D28886048001E1596 /* Project object */ = {
			isa = PBXProject;
			attributes = {
				BuildIndependentTargetsInParallel = 1;
				LastSwiftUpdateCheck = 1340;
				LastUpgradeCheck = 1340;
				TargetAttributes = {
					7FD47E9428886048001E1596 = {
						CreatedOnToolsVersion = 13.4.1;
					};
					7FD47EA92888604A001E1596 = {
						CreatedOnToolsVersion = 13.4.1;
						TestTargetID = 7FD47E9428886048001E1596;
					};
					7FD47EB32888604A001E1596 = {
						CreatedOnToolsVersion = 13.4.1;
						TestTargetID = 7FD47E9428886048001E1596;
					};
				};
			};
			buildConfigurationList = 7FD47E9028886048001E1596 /* Build configuration list for PBXProject "Sundanese" */;
			compatibilityVersion = "Xcode 13.0";
			developmentRegion = en;
			hasScannedForEncodings = 0;
			knownRegions = (
				en,
				Base,
			);
			mainGroup = 7FD47E8C28886048001E1596;
			productRefGroup = 7FD47E9628886048001E1596 /* Products */;
			projectDirPath = "";
			projectRoot = "";
			targets = (
				7FD47E9428886048001E1596 /* Sundanese */,
				7FD47EA92888604A001E1596 /* SundaneseTests */,
				7FD47EB32888604A001E1596 /* SundaneseUITests */,
			);
		};
/* End PBXProject section */

/* Begin PBXResourcesBuildPhase section */
		7FD47E9328886048001E1596 /* Resources */ = {
			isa = PBXResourcesBuildPhase;
			buildActionMask = 2147483647;
			files = (
				7FD47EFB2888658C001E1596 /* animals.json in Resources */,
				7FD47EF82888658C001E1596 /* locations.json in Resources */,
				7FD47EF52888658C001E1596 /* covers.json in Resources */,
				7FD47EA02888604A001E1596 /* Preview Assets.xcassets in Resources */,
				7FD47ED528886545001E1596 /* lion.mp4 in Resources */,
				7FD47E9D2888604A001E1596 /* Assets.xcassets in Resources */,
				7FD47EDE28886545001E1596 /* gorilla.mp4 in Resources */,
				7FD47ED828886545001E1596 /* rhino.mp4 in Resources */,
				7FD47EDB28886545001E1596 /* hippo.mp4 in Resources */,
				7FD47EE728886545001E1596 /* zebra.mp4 in Resources */,
				7FD47EE128886545001E1596 /* giraffe.mp4 in Resources */,
				7FD47ED228886545001E1596 /* elephant.mp4 in Resources */,
				7FD47EE428886545001E1596 /* cheetah.mp4 in Resources */,
				7FD47EFE2888658C001E1596 /* videos.json in Resources */,
				7FD47EEA28886545001E1596 /* ostrich.mp4 in Resources */,
				7FD47EED28886545001E1596 /* lioness.mp4 in Resources */,
			);
			runOnlyForDeploymentPostprocessing = 0;
		};
		7FD47EA82888604A001E1596 /* Resources */ = {
			isa = PBXResourcesBuildPhase;
			buildActionMask = 2147483647;
			files = (
				7FD47EDC28886545001E1596 /* hippo.mp4 in Resources */,
				7FD47EF62888658C001E1596 /* covers.json in Resources */,
				7FD47ED928886545001E1596 /* rhino.mp4 in Resources */,
				7FD47EFF2888658C001E1596 /* videos.json in Resources */,
				7FD47EE228886545001E1596 /* giraffe.mp4 in Resources */,
				7FD47EEB28886545001E1596 /* ostrich.mp4 in Resources */,
				7FD47EDF28886545001E1596 /* gorilla.mp4 in Resources */,
				7FD47EE828886545001E1596 /* zebra.mp4 in Resources */,
				7FD47EFC2888658C001E1596 /* animals.json in Resources */,
				7FD47ED328886545001E1596 /* elephant.mp4 in Resources */,
				7FD47EEE28886545001E1596 /* lioness.mp4 in Resources */,
				7FD47ED628886545001E1596 /* lion.mp4 in Resources */,
				7FD47EF92888658C001E1596 /* locations.json in Resources */,
				7FD47EE528886545001E1596 /* cheetah.mp4 in Resources */,
			);
			runOnlyForDeploymentPostprocessing = 0;
		};
		7FD47EB22888604A001E1596 /* Resources */ = {
			isa = PBXResourcesBuildPhase;
			buildActionMask = 2147483647;
			files = (
				7FD47EDD28886545001E1596 /* hippo.mp4 in Resources */,
				7FD47EF72888658C001E1596 /* covers.json in Resources */,
				7FD47EDA28886545001E1596 /* rhino.mp4 in Resources */,
				7FD47F002888658C001E1596 /* videos.json in Resources */,
				7FD47EE328886545001E1596 /* giraffe.mp4 in Resources */,
				7FD47EEC28886545001E1596 /* ostrich.mp4 in Resources */,
				7FD47EE028886545001E1596 /* gorilla.mp4 in Resources */,
				7FD47EE928886545001E1596 /* zebra.mp4 in Resources */,
				7FD47EFD2888658C001E1596 /* animals.json in Resources */,
				7FD47ED428886545001E1596 /* elephant.mp4 in Resources */,
				7FD47EEF28886545001E1596 /* lioness.mp4 in Resources */,
				7FD47ED728886545001E1596 /* lion.mp4 in Resources */,
				7FD47EFA2888658C001E1596 /* locations.json in Resources */,
				7FD47EE628886545001E1596 /* cheetah.mp4 in Resources */,
			);
			runOnlyForDeploymentPostprocessing = 0;
		};
/* End PBXResourcesBuildPhase section */

/* Begin PBXSourcesBuildPhase section */
		7FD47E9128886048001E1596 /* Sources */ = {
			isa = PBXSourcesBuildPhase;
			buildActionMask = 2147483647;
			files = (
				7FD47F0D288867AA001E1596 /* GalleryView.swift in Sources */,
				7FAFD2A2288D83C6006712DC /* HeadingView.swift in Sources */,
				7FAFD2A0288D81AC006712DC /* AnimalDetailView.swift in Sources */,
				7FAFD29A288D4EC9006712DC /* CodableBundleExtension.swift in Sources */,
				7FAFD294288D4A94006712DC /* CoverImageView.swift in Sources */,
				7FAFD2A8288DA894006712DC /* InsetMapView.swift in Sources */,
				7FAFD29C288D6C90006712DC /* AnimalListItemView.swift in Sources */,
				7FD47F11288867B7001E1596 /* MainView.swift in Sources */,
				7FAFD2A6288DA62E006712DC /* InsetFactView.swift in Sources */,
				7FD47F0528886788001E1596 /* VideoListView.swift in Sources */,
				7FD47F0928886799001E1596 /* MapView.swift in Sources */,
				7FAFD29E288D6DC7006712DC /* AnimalModel.swift in Sources */,
				7FAFD297288D4CA7006712DC /* CoverImageModel.swift in Sources */,
				7FD47EA52888604A001E1596 /* Sundanese.xcdatamodeld in Sources */,
				7FD47EA22888604A001E1596 /* Persistence.swift in Sources */,
				7FD47E9B28886048001E1596 /* ContentView.swift in Sources */,
				7FD47E9928886048001E1596 /* SundaneseApp.swift in Sources */,
				7FAFD2A4288D84C2006712DC /* InsetGalleryView.swift in Sources */,
			);
			runOnlyForDeploymentPostprocessing = 0;
		};
		7FD47EA62888604A001E1596 /* Sources */ = {
			isa = PBXSourcesBuildPhase;
			buildActionMask = 2147483647;
			files = (
				7FD47F0628886788001E1596 /* VideoListView.swift in Sources */,
				7FD47F0A28886799001E1596 /* MapView.swift in Sources */,
				7FD47EAF2888604A001E1596 /* SundaneseTests.swift in Sources */,
				7FD47F12288867B7001E1596 /* MainView.swift in Sources */,
				7FD47F0E288867AA001E1596 /* GalleryView.swift in Sources */,
			);
			runOnlyForDeploymentPostprocessing = 0;
		};
		7FD47EB02888604A001E1596 /* Sources */ = {
			isa = PBXSourcesBuildPhase;
			buildActionMask = 2147483647;
			files = (
				7FD47EB92888604A001E1596 /* SundaneseUITests.swift in Sources */,
				7FD47F13288867B7001E1596 /* MainView.swift in Sources */,
				7FD47F0B28886799001E1596 /* MapView.swift in Sources */,
				7FD47EBB2888604A001E1596 /* SundaneseUITestsLaunchTests.swift in Sources */,
				7FD47F0728886788001E1596 /* VideoListView.swift in Sources */,
				7FD47F0F288867AA001E1596 /* GalleryView.swift in Sources */,
			);
			runOnlyForDeploymentPostprocessing = 0;
		};
/* End PBXSourcesBuildPhase section */

/* Begin PBXTargetDependency section */
		7FD47EAC2888604A001E1596 /* PBXTargetDependency */ = {
			isa = PBXTargetDependency;
			target = 7FD47E9428886048001E1596 /* Sundanese */;
			targetProxy = 7FD47EAB2888604A001E1596 /* PBXContainerItemProxy */;
		};
		7FD47EB62888604A001E1596 /* PBXTargetDependency */ = {
			isa = PBXTargetDependency;
			target = 7FD47E9428886048001E1596 /* Sundanese */;
			targetProxy = 7FD47EB52888604A001E1596 /* PBXContainerItemProxy */;
		};
/* End PBXTargetDependency section */

/* Begin XCBuildConfiguration section */
		7FD47EBC2888604A001E1596 /* Debug */ = {
			isa = XCBuildConfiguration;
			buildSettings = {
				ALWAYS_SEARCH_USER_PATHS = NO;
				CLANG_ANALYZER_NONNULL = YES;
				CLANG_ANALYZER_NUMBER_OBJECT_CONVERSION = YES_AGGRESSIVE;
				CLANG_CXX_LANGUAGE_STANDARD = "gnu++17";
				CLANG_ENABLE_MODULES = YES;
				CLANG_ENABLE_OBJC_ARC = YES;
				CLANG_ENABLE_OBJC_WEAK = YES;
				CLANG_WARN_BLOCK_CAPTURE_AUTORELEASING = YES;
				CLANG_WARN_BOOL_CONVERSION = YES;
				CLANG_WARN_COMMA = YES;
				CLANG_WARN_CONSTANT_CONVERSION = YES;
				CLANG_WARN_DEPRECATED_OBJC_IMPLEMENTATIONS = YES;
				CLANG_WARN_DIRECT_OBJC_ISA_USAGE = YES_ERROR;
				CLANG_WARN_DOCUMENTATION_COMMENTS = YES;
				CLANG_WARN_EMPTY_BODY = YES;
				CLANG_WARN_ENUM_CONVERSION = YES;
				CLANG_WARN_INFINITE_RECURSION = YES;
				CLANG_WARN_INT_CONVERSION = YES;
				CLANG_WARN_NON_LITERAL_NULL_CONVERSION = YES;
				CLANG_WARN_OBJC_IMPLICIT_RETAIN_SELF = YES;
				CLANG_WARN_OBJC_LITERAL_CONVERSION = YES;
				CLANG_WARN_OBJC_ROOT_CLASS = YES_ERROR;
				CLANG_WARN_QUOTED_INCLUDE_IN_FRAMEWORK_HEADER = YES;
				CLANG_WARN_RANGE_LOOP_ANALYSIS = YES;
				CLANG_WARN_STRICT_PROTOTYPES = YES;
				CLANG_WARN_SUSPICIOUS_MOVE = YES;
				CLANG_WARN_UNGUARDED_AVAILABILITY = YES_AGGRESSIVE;
				CLANG_WARN_UNREACHABLE_CODE = YES;
				CLANG_WARN__DUPLICATE_METHOD_MATCH = YES;
				COPY_PHASE_STRIP = NO;
				DEBUG_INFORMATION_FORMAT = dwarf;
				ENABLE_STRICT_OBJC_MSGSEND = YES;
				ENABLE_TESTABILITY = YES;
				GCC_C_LANGUAGE_STANDARD = gnu11;
				GCC_DYNAMIC_NO_PIC = NO;
				GCC_NO_COMMON_BLOCKS = YES;
				GCC_OPTIMIZATION_LEVEL = 0;
				GCC_PREPROCESSOR_DEFINITIONS = (
					"DEBUG=1",
					"$(inherited)",
				);
				GCC_WARN_64_TO_32_BIT_CONVERSION = YES;
				GCC_WARN_ABOUT_RETURN_TYPE = YES_ERROR;
				GCC_WARN_UNDECLARED_SELECTOR = YES;
				GCC_WARN_UNINITIALIZED_AUTOS = YES_AGGRESSIVE;
				GCC_WARN_UNUSED_FUNCTION = YES;
				GCC_WARN_UNUSED_VARIABLE = YES;
				IPHONEOS_DEPLOYMENT_TARGET = 15.5;
				MTL_ENABLE_DEBUG_INFO = INCLUDE_SOURCE;
				MTL_FAST_MATH = YES;
				ONLY_ACTIVE_ARCH = YES;
				SDKROOT = iphoneos;
				SWIFT_ACTIVE_COMPILATION_CONDITIONS = DEBUG;
				SWIFT_OPTIMIZATION_LEVEL = "-Onone";
			};
			name = Debug;
		};
		7FD47EBD2888604A001E1596 /* Release */ = {
			isa = XCBuildConfiguration;
			buildSettings = {
				ALWAYS_SEARCH_USER_PATHS = NO;
				CLANG_ANALYZER_NONNULL = YES;
				CLANG_ANALYZER_NUMBER_OBJECT_CONVERSION = YES_AGGRESSIVE;
				CLANG_CXX_LANGUAGE_STANDARD = "gnu++17";
				CLANG_ENABLE_MODULES = YES;
				CLANG_ENABLE_OBJC_ARC = YES;
				CLANG_ENABLE_OBJC_WEAK = YES;
				CLANG_WARN_BLOCK_CAPTURE_AUTORELEASING = YES;
				CLANG_WARN_BOOL_CONVERSION = YES;
				CLANG_WARN_COMMA = YES;
				CLANG_WARN_CONSTANT_CONVERSION = YES;
				CLANG_WARN_DEPRECATED_OBJC_IMPLEMENTATIONS = YES;
				CLANG_WARN_DIRECT_OBJC_ISA_USAGE = YES_ERROR;
				CLANG_WARN_DOCUMENTATION_COMMENTS = YES;
				CLANG_WARN_EMPTY_BODY = YES;
				CLANG_WARN_ENUM_CONVERSION = YES;
				CLANG_WARN_INFINITE_RECURSION = YES;
				CLANG_WARN_INT_CONVERSION = YES;
				CLANG_WARN_NON_LITERAL_NULL_CONVERSION = YES;
				CLANG_WARN_OBJC_IMPLICIT_RETAIN_SELF = YES;
				CLANG_WARN_OBJC_LITERAL_CONVERSION = YES;
				CLANG_WARN_OBJC_ROOT_CLASS = YES_ERROR;
				CLANG_WARN_QUOTED_INCLUDE_IN_FRAMEWORK_HEADER = YES;
				CLANG_WARN_RANGE_LOOP_ANALYSIS = YES;
				CLANG_WARN_STRICT_PROTOTYPES = YES;
				CLANG_WARN_SUSPICIOUS_MOVE = YES;
				CLANG_WARN_UNGUARDED_AVAILABILITY = YES_AGGRESSIVE;
				CLANG_WARN_UNREACHABLE_CODE = YES;
				CLANG_WARN__DUPLICATE_METHOD_MATCH = YES;
				COPY_PHASE_STRIP = NO;
				DEBUG_INFORMATION_FORMAT = "dwarf-with-dsym";
				ENABLE_NS_ASSERTIONS = NO;
				ENABLE_STRICT_OBJC_MSGSEND = YES;
				GCC_C_LANGUAGE_STANDARD = gnu11;
				GCC_NO_COMMON_BLOCKS = YES;
				GCC_WARN_64_TO_32_BIT_CONVERSION = YES;
				GCC_WARN_ABOUT_RETURN_TYPE = YES_ERROR;
				GCC_WARN_UNDECLARED_SELECTOR = YES;
				GCC_WARN_UNINITIALIZED_AUTOS = YES_AGGRESSIVE;
				GCC_WARN_UNUSED_FUNCTION = YES;
				GCC_WARN_UNUSED_VARIABLE = YES;
				IPHONEOS_DEPLOYMENT_TARGET = 15.5;
				MTL_ENABLE_DEBUG_INFO = NO;
				MTL_FAST_MATH = YES;
				SDKROOT = iphoneos;
				SWIFT_COMPILATION_MODE = wholemodule;
				SWIFT_OPTIMIZATION_LEVEL = "-O";
				VALIDATE_PRODUCT = YES;
			};
			name = Release;
		};
		7FD47EBF2888604A001E1596 /* Debug */ = {
			isa = XCBuildConfiguration;
			buildSettings = {
				ASSETCATALOG_COMPILER_APPICON_NAME = AppIcon;
				ASSETCATALOG_COMPILER_GLOBAL_ACCENT_COLOR_NAME = AccentColor;
				CODE_SIGN_STYLE = Automatic;
				CURRENT_PROJECT_VERSION = 1;
				DEVELOPMENT_ASSET_PATHS = "\"Sundanese/Preview Content\"";
				DEVELOPMENT_TEAM = WX488TK3G3;
				ENABLE_PREVIEWS = YES;
				GENERATE_INFOPLIST_FILE = YES;
				INFOPLIST_FILE = Sundanese/Info.plist;
				INFOPLIST_KEY_UIApplicationSceneManifest_Generation = YES;
				INFOPLIST_KEY_UIApplicationSupportsIndirectInputEvents = YES;
				INFOPLIST_KEY_UISupportedInterfaceOrientations_iPad = "UIInterfaceOrientationPortrait UIInterfaceOrientationPortraitUpsideDown UIInterfaceOrientationLandscapeLeft UIInterfaceOrientationLandscapeRight";
				INFOPLIST_KEY_UISupportedInterfaceOrientations_iPhone = "UIInterfaceOrientationPortrait UIInterfaceOrientationLandscapeLeft UIInterfaceOrientationLandscapeRight";
				INFOPLIST_KEY_UIUserInterfaceStyle = Dark;
				LD_RUNPATH_SEARCH_PATHS = (
					"$(inherited)",
					"@executable_path/Frameworks",
				);
				MARKETING_VERSION = 1.0;
				PRODUCT_BUNDLE_IDENTIFIER = edu.arifrahman.Sundanese;
				PRODUCT_NAME = "$(TARGET_NAME)";
				SWIFT_EMIT_LOC_STRINGS = YES;
				SWIFT_VERSION = 5.0;
				TARGETED_DEVICE_FAMILY = "1,2";
			};
			name = Debug;
		};
		7FD47EC02888604A001E1596 /* Release */ = {
			isa = XCBuildConfiguration;
			buildSettings = {
				ASSETCATALOG_COMPILER_APPICON_NAME = AppIcon;
				ASSETCATALOG_COMPILER_GLOBAL_ACCENT_COLOR_NAME = AccentColor;
				CODE_SIGN_STYLE = Automatic;
				CURRENT_PROJECT_VERSION = 1;
				DEVELOPMENT_ASSET_PATHS = "\"Sundanese/Preview Content\"";
				DEVELOPMENT_TEAM = WX488TK3G3;
				ENABLE_PREVIEWS = YES;
				GENERATE_INFOPLIST_FILE = YES;
				INFOPLIST_FILE = Sundanese/Info.plist;
				INFOPLIST_KEY_UIApplicationSceneManifest_Generation = YES;
				INFOPLIST_KEY_UIApplicationSupportsIndirectInputEvents = YES;
				INFOPLIST_KEY_UISupportedInterfaceOrientations_iPad = "UIInterfaceOrientationPortrait UIInterfaceOrientationPortraitUpsideDown UIInterfaceOrientationLandscapeLeft UIInterfaceOrientationLandscapeRight";
				INFOPLIST_KEY_UISupportedInterfaceOrientations_iPhone = "UIInterfaceOrientationPortrait UIInterfaceOrientationLandscapeLeft UIInterfaceOrientationLandscapeRight";
				INFOPLIST_KEY_UIUserInterfaceStyle = Dark;
				LD_RUNPATH_SEARCH_PATHS = (
					"$(inherited)",
					"@executable_path/Frameworks",
				);
				MARKETING_VERSION = 1.0;
				PRODUCT_BUNDLE_IDENTIFIER = edu.arifrahman.Sundanese;
				PRODUCT_NAME = "$(TARGET_NAME)";
				SWIFT_EMIT_LOC_STRINGS = YES;
				SWIFT_VERSION = 5.0;
				TARGETED_DEVICE_FAMILY = "1,2";
			};
			name = Release;
		};
		7FD47EC22888604A001E1596 /* Debug */ = {
			isa = XCBuildConfiguration;
			buildSettings = {
				ALWAYS_EMBED_SWIFT_STANDARD_LIBRARIES = YES;
				BUNDLE_LOADER = "$(TEST_HOST)";
				CODE_SIGN_STYLE = Automatic;
				CURRENT_PROJECT_VERSION = 1;
				DEVELOPMENT_TEAM = WX488TK3G3;
				GENERATE_INFOPLIST_FILE = YES;
				IPHONEOS_DEPLOYMENT_TARGET = 15.5;
				MARKETING_VERSION = 1.0;
				PRODUCT_BUNDLE_IDENTIFIER = edu.arifrahman.SundaneseTests;
				PRODUCT_NAME = "$(TARGET_NAME)";
				SWIFT_EMIT_LOC_STRINGS = NO;
				SWIFT_VERSION = 5.0;
				TARGETED_DEVICE_FAMILY = "1,2";
				TEST_HOST = "$(BUILT_PRODUCTS_DIR)/Sundanese.app/Sundanese";
			};
			name = Debug;
		};
		7FD47EC32888604A001E1596 /* Release */ = {
			isa = XCBuildConfiguration;
			buildSettings = {
				ALWAYS_EMBED_SWIFT_STANDARD_LIBRARIES = YES;
				BUNDLE_LOADER = "$(TEST_HOST)";
				CODE_SIGN_STYLE = Automatic;
				CURRENT_PROJECT_VERSION = 1;
				DEVELOPMENT_TEAM = WX488TK3G3;
				GENERATE_INFOPLIST_FILE = YES;
				IPHONEOS_DEPLOYMENT_TARGET = 15.5;
				MARKETING_VERSION = 1.0;
				PRODUCT_BUNDLE_IDENTIFIER = edu.arifrahman.SundaneseTests;
				PRODUCT_NAME = "$(TARGET_NAME)";
				SWIFT_EMIT_LOC_STRINGS = NO;
				SWIFT_VERSION = 5.0;
				TARGETED_DEVICE_FAMILY = "1,2";
				TEST_HOST = "$(BUILT_PRODUCTS_DIR)/Sundanese.app/Sundanese";
			};
			name = Release;
		};
		7FD47EC52888604A001E1596 /* Debug */ = {
			isa = XCBuildConfiguration;
			buildSettings = {
				ALWAYS_EMBED_SWIFT_STANDARD_LIBRARIES = YES;
				CODE_SIGN_STYLE = Automatic;
				CURRENT_PROJECT_VERSION = 1;
				DEVELOPMENT_TEAM = WX488TK3G3;
				GENERATE_INFOPLIST_FILE = YES;
				MARKETING_VERSION = 1.0;
				PRODUCT_BUNDLE_IDENTIFIER = edu.arifrahman.SundaneseUITests;
				PRODUCT_NAME = "$(TARGET_NAME)";
				SWIFT_EMIT_LOC_STRINGS = NO;
				SWIFT_VERSION = 5.0;
				TARGETED_DEVICE_FAMILY = "1,2";
				TEST_TARGET_NAME = Sundanese;
			};
			name = Debug;
		};
		7FD47EC62888604A001E1596 /* Release */ = {
			isa = XCBuildConfiguration;
			buildSettings = {
				ALWAYS_EMBED_SWIFT_STANDARD_LIBRARIES = YES;
				CODE_SIGN_STYLE = Automatic;
				CURRENT_PROJECT_VERSION = 1;
				DEVELOPMENT_TEAM = WX488TK3G3;
				GENERATE_INFOPLIST_FILE = YES;
				MARKETING_VERSION = 1.0;
				PRODUCT_BUNDLE_IDENTIFIER = edu.arifrahman.SundaneseUITests;
				PRODUCT_NAME = "$(TARGET_NAME)";
				SWIFT_EMIT_LOC_STRINGS = NO;
				SWIFT_VERSION = 5.0;
				TARGETED_DEVICE_FAMILY = "1,2";
				TEST_TARGET_NAME = Sundanese;
			};
			name = Release;
		};
/* End XCBuildConfiguration section */

/* Begin XCConfigurationList section */
		7FD47E9028886048001E1596 /* Build configuration list for PBXProject "Sundanese" */ = {
			isa = XCConfigurationList;
			buildConfigurations = (
				7FD47EBC2888604A001E1596 /* Debug */,
				7FD47EBD2888604A001E1596 /* Release */,
			);
			defaultConfigurationIsVisible = 0;
			defaultConfigurationName = Release;
		};
		7FD47EBE2888604A001E1596 /* Build configuration list for PBXNativeTarget "Sundanese" */ = {
			isa = XCConfigurationList;
			buildConfigurations = (
				7FD47EBF2888604A001E1596 /* Debug */,
				7FD47EC02888604A001E1596 /* Release */,
			);
			defaultConfigurationIsVisible = 0;
			defaultConfigurationName = Release;
		};
		7FD47EC12888604A001E1596 /* Build configuration list for PBXNativeTarget "SundaneseTests" */ = {
			isa = XCConfigurationList;
			buildConfigurations = (
				7FD47EC22888604A001E1596 /* Debug */,
				7FD47EC32888604A001E1596 /* Release */,
			);
			defaultConfigurationIsVisible = 0;
			defaultConfigurationName = Release;
		};
		7FD47EC42888604A001E1596 /* Build configuration list for PBXNativeTarget "SundaneseUITests" */ = {
			isa = XCConfigurationList;
			buildConfigurations = (
				7FD47EC52888604A001E1596 /* Debug */,
				7FD47EC62888604A001E1596 /* Release */,
			);
			defaultConfigurationIsVisible = 0;
			defaultConfigurationName = Release;
		};
/* End XCConfigurationList section */

/* Begin XCVersionGroup section */
		7FD47EA32888604A001E1596 /* Sundanese.xcdatamodeld */ = {
			isa = XCVersionGroup;
			children = (
				7FD47EA42888604A001E1596 /* Sundanese.xcdatamodel */,
			);
			currentVersion = 7FD47EA42888604A001E1596 /* Sundanese.xcdatamodel */;
			path = Sundanese.xcdatamodeld;
			sourceTree = "<group>";
			versionGroupType = wrapper.xcdatamodel;
		};
/* End XCVersionGroup section */
	};
	rootObject = 7FD47E8D28886048001E1596 /* Project object */;
}
