// !$*UTF8*$!
{
	archiveVersion = 1;
	classes = {
	};
	objectVersion = 55;
	objects = {

/* Begin PBXBuildFile section */
		7FD47E9928886048001E1596 /* SundaneseApp.swift in Sources */ = {isa = PBXBuildFile; fileRef = 7FD47E9828886048001E1596 /* SundaneseApp.swift */; };
		7FD47E9B28886048001E1596 /* ContentView.swift in Sources */ = {isa = PBXBuildFile; fileRef = 7FD47E9A28886048001E1596 /* ContentView.swift */; };
		7FD47E9D2888604A001E1596 /* Assets.xcassets in Resources */ = {isa = PBXBuildFile; fileRef = 7FD47E9C2888604A001E1596 /* Assets.xcassets */; };
		7FD47EA02888604A001E1596 /* Preview Assets.xcassets in Resources */ = {isa = PBXBuildFile; fileRef = 7FD47E9F2888604A001E1596 /* Preview Assets.xcassets */; };
		7FD47EA22888604A001E1596 /* Persistence.swift in Sources */ = {isa = PBXBuildFile; fileRef = 7FD47EA12888604A001E1596 /* Persistence.swift */; };
		7FD47EA52888604A001E1596 /* Sundanese.xcdatamodeld in Sources */ = {isa = PBXBuildFile; fileRef = 7FD47EA32888604A001E1596 /* Sundanese.xcdatamodeld */; };
		7FD47EAF2888604A001E1596 /* SundaneseTests.swift in Sources */ = {isa = PBXBuildFile; fileRef = 7FD47EAE2888604A001E1596 /* SundaneseTests.swift */; };
		7FD47EB92888604A001E1596 /* SundaneseUITests.swift in Sources */ = {isa = PBXBuildFile; fileRef = 7FD47EB82888604A001E1596 /* SundaneseUITests.swift */; };
		7FD47EBB2888604A001E1596 /* SundaneseUITestsLaunchTests.swift in Sources */ = {isa = PBXBuildFile; fileRef = 7FD47EBA2888604A001E1596 /* SundaneseUITestsLaunchTests.swift */; };
/* End PBXBuildFile section */

/* Begin PBXContainerItemProxy section */
		7FD47EAB2888604A001E1596 /* PBXContainerItemProxy */ = {
			isa = PBXContainerItemProxy;
			containerPortal = 7FD47E8D28886048001E1596 /* Project object */;
			proxyType = 1;
			remoteGlobalIDString = 7FD47E9428886048001E1596;
			remoteInfo = Sundanese;
		};
		7FD47EB52888604A001E1596 /* PBXContainerItemProxy */ = {
			isa = PBXContainerItemProxy;
			containerPortal = 7FD47E8D28886048001E1596 /* Project object */;
			proxyType = 1;
			remoteGlobalIDString = 7FD47E9428886048001E1596;
			remoteInfo = Sundanese;
		};
/* End PBXContainerItemProxy section */

/* Begin PBXFileReference section */
		7FD47E9528886048001E1596 /* Sundanese.app */ = {isa = PBXFileReference; explicitFileType = wrapper.application; includeInIndex = 0; path = Sundanese.app; sourceTree = BUILT_PRODUCTS_DIR; };
		7FD47E9828886048001E1596 /* SundaneseApp.swift */ = {isa = PBXFileReference; lastKnownFileType = sourcecode.swift; path = SundaneseApp.swift; sourceTree = "<group>"; };
		7FD47E9A28886048001E1596 /* ContentView.swift */ = {isa = PBXFileReference; lastKnownFileType = sourcecode.swift; path = ContentView.swift; sourceTree = "<group>"; };
		7FD47E9C2888604A001E1596 /* Assets.xcassets */ = {isa = PBXFileReference; lastKnownFileType = folder.assetcatalog; path = Assets.xcassets; sourceTree = "<group>"; };
		7FD47E9F2888604A001E1596 /* Preview Assets.xcassets */ = {isa = PBXFileReference; lastKnownFileType = folder.assetcatalog; path = "Preview Assets.xcassets"; sourceTree = "<group>"; };
		7FD47EA12888604A001E1596 /* Persistence.swift */ = {isa = PBXFileReference; lastKnownFileType = sourcecode.swift; path = Persistence.swift; sourceTree = "<group>"; };
		7FD47EA42888604A001E1596 /* Sundanese.xcdatamodel */ = {isa = PBXFileReference; lastKnownFileType = wrapper.xcdatamodel; path = Sundanese.xcdatamodel; sourceTree = "<group>"; };
		7FD47EAA2888604A001E1596 /* SundaneseTests.xctest */ = {isa = PBXFileReference; explicitFileType = wrapper.cfbundle; includeInIndex = 0; path = SundaneseTests.xctest; sourceTree = BUILT_PRODUCTS_DIR; };
		7FD47EAE2888604A001E1596 /* SundaneseTests.swift */ = {isa = PBXFileReference; lastKnownFileType = sourcecode.swift; path = SundaneseTests.swift; sourceTree = "<group>"; };
		7FD47EB42888604A001E1596 /* SundaneseUITests.xctest */ = {isa = PBXFileReference; explicitFileType = wrapper.cfbundle; includeInIndex = 0; path = SundaneseUITests.xctest; sourceTree = BUILT_PRODUCTS_DIR; };
		7FD47EB82888604A001E1596 /* SundaneseUITests.swift */ = {isa = PBXFileReference; lastKnownFileType = sourcecode.swift; path = SundaneseUITests.swift; sourceTree = "<group>"; };
		7FD47EBA2888604A001E1596 /* SundaneseUITestsLaunchTests.swift */ = {isa = PBXFileReference; lastKnownFileType = sourcecode.swift; path = SundaneseUITestsLaunchTests.swift; sourceTree = "<group>"; };
/* End PBXFileReference section */

/* Begin PBXFrameworksBuildPhase section */
		7FD47E9228886048001E1596 /* Frameworks */ = {
			isa = PBXFrameworksBuildPhase;
			buildActionMask = 2147483647;
			files = (
			);
			runOnlyForDeploymentPostprocessing = 0;
		};
		7FD47EA72888604A001E1596 /* Frameworks */ = {
			isa = PBXFrameworksBuildPhase;
			buildActionMask = 2147483647;
			files = (
			);
			runOnlyForDeploymentPostprocessing = 0;
		};
		7FD47EB12888604A001E1596 /* Frameworks */ = {
			isa = PBXFrameworksBuildPhase;
			buildActionMask = 2147483647;
			files = (
			);
			runOnlyForDeploymentPostprocessing = 0;
		};
/* End PBXFrameworksBuildPhase section */

/* Begin PBXGroup section */
		7FD47E8C28886048001E1596 = {
			isa = PBXGroup;
			children = (
				7FD47E9728886048001E1596 /* Sundanese */,
				7FD47EAD2888604A001E1596 /* SundaneseTests */,
				7FD47EB72888604A001E1596 /* SundaneseUITests */,
				7FD47E9628886048001E1596 /* Products */,
			);
			sourceTree = "<group>";
		};
		7FD47E9628886048001E1596 /* Products */ = {
			isa = PBXGroup;
			children = (
				7FD47E9528886048001E1596 /* Sundanese.app */,
				7FD47EAA2888604A001E1596 /* SundaneseTests.xctest */,
				7FD47EB42888604A001E1596 /* SundaneseUITests.xctest */,
			);
			name = Products;
			sourceTree = "<group>";
		};
		7FD47E9728886048001E1596 /* Sundanese */ = {
			isa = PBXGroup;
			children = (
				7FD47E9828886048001E1596 /* SundaneseApp.swift */,
				7FD47E9A28886048001E1596 /* ContentView.swift */,
				7FD47E9C2888604A001E1596 /* Assets.xcassets */,
				7FD47EA12888604A001E1596 /* Persistence.swift */,
				7FD47EA32888604A001E1596 /* Sundanese.xcdatamodeld */,
				7FD47E9E2888604A001E1596 /* Preview Content */,
			);
			path = Sundanese;
			sourceTree = "<group>";
		};
		7FD47E9E2888604A001E1596 /* Preview Content */ = {
			isa = PBXGroup;
			children = (
				7FD47E9F2888604A001E1596 /* Preview Assets.xcassets */,
			);
			path = "Preview Content";
			sourceTree = "<group>";
		};
		7FD47EAD2888604A001E1596 /* SundaneseTests */ = {
			isa = PBXGroup;
			children = (
				7FD47EAE2888604A001E1596 /* SundaneseTests.swift */,
			);
			path = SundaneseTests;
			sourceTree = "<group>";
		};
		7FD47EB72888604A001E1596 /* SundaneseUITests */ = {
			isa = PBXGroup;
			children = (
				7FD47EB82888604A001E1596 /* SundaneseUITests.swift */,
				7FD47EBA2888604A001E1596 /* SundaneseUITestsLaunchTests.swift */,
			);
			path = SundaneseUITests;
			sourceTree = "<group>";
		};
/* End PBXGroup section */

/* Begin PBXNativeTarget section */
		7FD47E9428886048001E1596 /* Sundanese */ = {
			isa = PBXNativeTarget;
			buildConfigurationList = 7FD47EBE2888604A001E1596 /* Build configuration list for PBXNativeTarget "Sundanese" */;
			buildPhases = (
				7FD47E9128886048001E1596 /* Sources */,
				7FD47E9228886048001E1596 /* Frameworks */,
				7FD47E9328886048001E1596 /* Resources */,
			);
			buildRules = (
			);
			dependencies = (
			);
			name = Sundanese;
			productName = Sundanese;
			productReference = 7FD47E9528886048001E1596 /* Sundanese.app */;
			productType = "com.apple.product-type.application";
		};
		7FD47EA92888604A001E1596 /* SundaneseTests */ = {
			isa = PBXNativeTarget;
			buildConfigurationList = 7FD47EC12888604A001E1596 /* Build configuration list for PBXNativeTarget "SundaneseTests" */;
			buildPhases = (
				7FD47EA62888604A001E1596 /* Sources */,
				7FD47EA72888604A001E1596 /* Frameworks */,
				7FD47EA82888604A001E1596 /* Resources */,
			);
			buildRules = (
			);
			dependencies = (
				7FD47EAC2888604A001E1596 /* PBXTargetDependency */,
			);
			name = SundaneseTests;
			productName = SundaneseTests;
			productReference = 7FD47EAA2888604A001E1596 /* SundaneseTests.xctest */;
			productType = "com.apple.product-type.bundle.unit-test";
		};
		7FD47EB32888604A001E1596 /* SundaneseUITests */ = {
			isa = PBXNativeTarget;
			buildConfigurationList = 7FD47EC42888604A001E1596 /* Build configuration list for PBXNativeTarget "SundaneseUITests" */;
			buildPhases = (
				7FD47EB02888604A001E1596 /* Sources */,
				7FD47EB12888604A001E1596 /* Frameworks */,
				7FD47EB22888604A001E1596 /* Resources */,
			);
			buildRules = (
			);
			dependencies = (
				7FD47EB62888604A001E1596 /* PBXTargetDependency */,
			);
			name = SundaneseUITests;
			productName = SundaneseUITests;
			productReference = 7FD47EB42888604A001E1596 /* SundaneseUITests.xctest */;
			productType = "com.apple.product-type.bundle.ui-testing";
		};
/* End PBXNativeTarget section */

/* Begin PBXProject section */
		7FD47E8D28886048001E1596 /* Project object */ = {
			isa = PBXProject;
			attributes = {
				BuildIndependentTargetsInParallel = 1;
				LastSwiftUpdateCheck = 1340;
				LastUpgradeCheck = 1340;
				TargetAttributes = {
					7FD47E9428886048001E1596 = {
						CreatedOnToolsVersion = 13.4.1;
					};
					7FD47EA92888604A001E1596 = {
						CreatedOnToolsVersion = 13.4.1;
						TestTargetID = 7FD47E9428886048001E1596;
					};
					7FD47EB32888604A001E1596 = {
						CreatedOnToolsVersion = 13.4.1;
						TestTargetID = 7FD47E9428886048001E1596;
					};
				};
			};
			buildConfigurationList = 7FD47E9028886048001E1596 /* Build configuration list for PBXProject "Sundanese" */;
			compatibilityVersion = "Xcode 13.0";
			developmentRegion = en;
			hasScannedForEncodings = 0;
			knownRegions = (
				en,
				Base,
			);
			mainGroup = 7FD47E8C28886048001E1596;
			productRefGroup = 7FD47E9628886048001E1596 /* Products */;
			projectDirPath = "";
			projectRoot = "";
			targets = (
				7FD47E9428886048001E1596 /* Sundanese */,
				7FD47EA92888604A001E1596 /* SundaneseTests */,
				7FD47EB32888604A001E1596 /* SundaneseUITests */,
			);
		};
/* End PBXProject section */

/* Begin PBXResourcesBuildPhase section */
		7FD47E9328886048001E1596 /* Resources */ = {
			isa = PBXResourcesBuildPhase;
			buildActionMask = 2147483647;
			files = (
				7FD47EA02888604A001E1596 /* Preview Assets.xcassets in Resources */,
				7FD47E9D2888604A001E1596 /* Assets.xcassets in Resources */,
			);
			runOnlyForDeploymentPostprocessing = 0;
		};
		7FD47EA82888604A001E1596 /* Resources */ = {
			isa = PBXResourcesBuildPhase;
			buildActionMask = 2147483647;
			files = (
			);
			runOnlyForDeploymentPostprocessing = 0;
		};
		7FD47EB22888604A001E1596 /* Resources */ = {
			isa = PBXResourcesBuildPhase;
			buildActionMask = 2147483647;
			files = (
			);
			runOnlyForDeploymentPostprocessing = 0;
		};
/* End PBXResourcesBuildPhase section */

/* Begin PBXSourcesBuildPhase section */
		7FD47E9128886048001E1596 /* Sources */ = {
			isa = PBXSourcesBuildPhase;
			buildActionMask = 2147483647;
			files = (
				7FD47EA52888604A001E1596 /* Sundanese.xcdatamodeld in Sources */,
				7FD47EA22888604A001E1596 /* Persistence.swift in Sources */,
				7FD47E9B28886048001E1596 /* ContentView.swift in Sources */,
				7FD47E9928886048001E1596 /* SundaneseApp.swift in Sources */,
			);
			runOnlyForDeploymentPostprocessing = 0;
		};
		7FD47EA62888604A001E1596 /* Sources */ = {
			isa = PBXSourcesBuildPhase;
			buildActionMask = 2147483647;
			files = (
				7FD47EAF2888604A001E1596 /* SundaneseTests.swift in Sources */,
			);
			runOnlyForDeploymentPostprocessing = 0;
		};
		7FD47EB02888604A001E1596 /* Sources */ = {
			isa = PBXSourcesBuildPhase;
			buildActionMask = 2147483647;
			files = (
				7FD47EB92888604A001E1596 /* SundaneseUITests.swift in Sources */,
				7FD47EBB2888604A001E1596 /* SundaneseUITestsLaunchTests.swift in Sources */,
			);
			runOnlyForDeploymentPostprocessing = 0;
		};
/* End PBXSourcesBuildPhase section */

/* Begin PBXTargetDependency section */
		7FD47EAC2888604A001E1596 /* PBXTargetDependency */ = {
			isa = PBXTargetDependency;
			target = 7FD47E9428886048001E1596 /* Sundanese */;
			targetProxy = 7FD47EAB2888604A001E1596 /* PBXContainerItemProxy */;
		};
		7FD47EB62888604A001E1596 /* PBXTargetDependency */ = {
			isa = PBXTargetDependency;
			target = 7FD47E9428886048001E1596 /* Sundanese */;
			targetProxy = 7FD47EB52888604A001E1596 /* PBXContainerItemProxy */;
		};
/* End PBXTargetDependency section */

/* Begin XCBuildConfiguration section */
		7FD47EBC2888604A001E1596 /* Debug */ = {
			isa = XCBuildConfiguration;
			buildSettings = {
				ALWAYS_SEARCH_USER_PATHS = NO;
				CLANG_ANALYZER_NONNULL = YES;
				CLANG_ANALYZER_NUMBER_OBJECT_CONVERSION = YES_AGGRESSIVE;
				CLANG_CXX_LANGUAGE_STANDARD = "gnu++17";
				CLANG_ENABLE_MODULES = YES;
				CLANG_ENABLE_OBJC_ARC = YES;
				CLANG_ENABLE_OBJC_WEAK = YES;
				CLANG_WARN_BLOCK_CAPTURE_AUTORELEASING = YES;
				CLANG_WARN_BOOL_CONVERSION = YES;
				CLANG_WARN_COMMA = YES;
				CLANG_WARN_CONSTANT_CONVERSION = YES;
				CLANG_WARN_DEPRECATED_OBJC_IMPLEMENTATIONS = YES;
				CLANG_WARN_DIRECT_OBJC_ISA_USAGE = YES_ERROR;
				CLANG_WARN_DOCUMENTATION_COMMENTS = YES;
				CLANG_WARN_EMPTY_BODY = YES;
				CLANG_WARN_ENUM_CONVERSION = YES;
				CLANG_WARN_INFINITE_RECURSION = YES;
				CLANG_WARN_INT_CONVERSION = YES;
				CLANG_WARN_NON_LITERAL_NULL_CONVERSION = YES;
				CLANG_WARN_OBJC_IMPLICIT_RETAIN_SELF = YES;
				CLANG_WARN_OBJC_LITERAL_CONVERSION = YES;
				CLANG_WARN_OBJC_ROOT_CLASS = YES_ERROR;
				CLANG_WARN_QUOTED_INCLUDE_IN_FRAMEWORK_HEADER = YES;
				CLANG_WARN_RANGE_LOOP_ANALYSIS = YES;
				CLANG_WARN_STRICT_PROTOTYPES = YES;
				CLANG_WARN_SUSPICIOUS_MOVE = YES;
				CLANG_WARN_UNGUARDED_AVAILABILITY = YES_AGGRESSIVE;
				CLANG_WARN_UNREACHABLE_CODE = YES;
				CLANG_WARN__DUPLICATE_METHOD_MATCH = YES;
				COPY_PHASE_STRIP = NO;
				DEBUG_INFORMATION_FORMAT = dwarf;
				ENABLE_STRICT_OBJC_MSGSEND = YES;
				ENABLE_TESTABILITY = YES;
				GCC_C_LANGUAGE_STANDARD = gnu11;
				GCC_DYNAMIC_NO_PIC = NO;
				GCC_NO_COMMON_BLOCKS = YES;
				GCC_OPTIMIZATION_LEVEL = 0;
				GCC_PREPROCESSOR_DEFINITIONS = (
					"DEBUG=1",
					"$(inherited)",
				);
				GCC_WARN_64_TO_32_BIT_CONVERSION = YES;
				GCC_WARN_ABOUT_RETURN_TYPE = YES_ERROR;
				GCC_WARN_UNDECLARED_SELECTOR = YES;
				GCC_WARN_UNINITIALIZED_AUTOS = YES_AGGRESSIVE;
				GCC_WARN_UNUSED_FUNCTION = YES;
				GCC_WARN_UNUSED_VARIABLE = YES;
				IPHONEOS_DEPLOYMENT_TARGET = 15.5;
				MTL_ENABLE_DEBUG_INFO = INCLUDE_SOURCE;
				MTL_FAST_MATH = YES;
				ONLY_ACTIVE_ARCH = YES;
				SDKROOT = iphoneos;
				SWIFT_ACTIVE_COMPILATION_CONDITIONS = DEBUG;
				SWIFT_OPTIMIZATION_LEVEL = "-Onone";
			};
			name = Debug;
		};
		7FD47EBD2888604A001E1596 /* Release */ = {
			isa = XCBuildConfiguration;
			buildSettings = {
				ALWAYS_SEARCH_USER_PATHS = NO;
				CLANG_ANALYZER_NONNULL = YES;
				CLANG_ANALYZER_NUMBER_OBJECT_CONVERSION = YES_AGGRESSIVE;
				CLANG_CXX_LANGUAGE_STANDARD = "gnu++17";
				CLANG_ENABLE_MODULES = YES;
				CLANG_ENABLE_OBJC_ARC = YES;
				CLANG_ENABLE_OBJC_WEAK = YES;
				CLANG_WARN_BLOCK_CAPTURE_AUTORELEASING = YES;
				CLANG_WARN_BOOL_CONVERSION = YES;
				CLANG_WARN_COMMA = YES;
				CLANG_WARN_CONSTANT_CONVERSION = YES;
				CLANG_WARN_DEPRECATED_OBJC_IMPLEMENTATIONS = YES;
				CLANG_WARN_DIRECT_OBJC_ISA_USAGE = YES_ERROR;
				CLANG_WARN_DOCUMENTATION_COMMENTS = YES;
				CLANG_WARN_EMPTY_BODY = YES;
				CLANG_WARN_ENUM_CONVERSION = YES;
				CLANG_WARN_INFINITE_RECURSION = YES;
				CLANG_WARN_INT_CONVERSION = YES;
				CLANG_WARN_NON_LITERAL_NULL_CONVERSION = YES;
				CLANG_WARN_OBJC_IMPLICIT_RETAIN_SELF = YES;
				CLANG_WARN_OBJC_LITERAL_CONVERSION = YES;
				CLANG_WARN_OBJC_ROOT_CLASS = YES_ERROR;
				CLANG_WARN_QUOTED_INCLUDE_IN_FRAMEWORK_HEADER = YES;
				CLANG_WARN_RANGE_LOOP_ANALYSIS = YES;
				CLANG_WARN_STRICT_PROTOTYPES = YES;
				CLANG_WARN_SUSPICIOUS_MOVE = YES;
				CLANG_WARN_UNGUARDED_AVAILABILITY = YES_AGGRESSIVE;
				CLANG_WARN_UNREACHABLE_CODE = YES;
				CLANG_WARN__DUPLICATE_METHOD_MATCH = YES;
				COPY_PHASE_STRIP = NO;
				DEBUG_INFORMATION_FORMAT = "dwarf-with-dsym";
				ENABLE_NS_ASSERTIONS = NO;
				ENABLE_STRICT_OBJC_MSGSEND = YES;
				GCC_C_LANGUAGE_STANDARD = gnu11;
				GCC_NO_COMMON_BLOCKS = YES;
				GCC_WARN_64_TO_32_BIT_CONVERSION = YES;
				GCC_WARN_ABOUT_RETURN_TYPE = YES_ERROR;
				GCC_WARN_UNDECLARED_SELECTOR = YES;
				GCC_WARN_UNINITIALIZED_AUTOS = YES_AGGRESSIVE;
				GCC_WARN_UNUSED_FUNCTION = YES;
				GCC_WARN_UNUSED_VARIABLE = YES;
				IPHONEOS_DEPLOYMENT_TARGET = 15.5;
				MTL_ENABLE_DEBUG_INFO = NO;
				MTL_FAST_MATH = YES;
				SDKROOT = iphoneos;
				SWIFT_COMPILATION_MODE = wholemodule;
				SWIFT_OPTIMIZATION_LEVEL = "-O";
				VALIDATE_PRODUCT = YES;
			};
			name = Release;
		};
		7FD47EBF2888604A001E1596 /* Debug */ = {
			isa = XCBuildConfiguration;
			buildSettings = {
				ASSETCATALOG_COMPILER_APPICON_NAME = AppIcon;
				ASSETCATALOG_COMPILER_GLOBAL_ACCENT_COLOR_NAME = AccentColor;
				CODE_SIGN_STYLE = Automatic;
				CURRENT_PROJECT_VERSION = 1;
				DEVELOPMENT_ASSET_PATHS = "\"Sundanese/Preview Content\"";
				DEVELOPMENT_TEAM = WX488TK3G3;
				ENABLE_PREVIEWS = YES;
				GENERATE_INFOPLIST_FILE = YES;
				INFOPLIST_KEY_UIApplicationSceneManifest_Generation = YES;
				INFOPLIST_KEY_UIApplicationSupportsIndirectInputEvents = YES;
				INFOPLIST_KEY_UILaunchScreen_Generation = YES;
				INFOPLIST_KEY_UISupportedInterfaceOrientations_iPad = "UIInterfaceOrientationPortrait UIInterfaceOrientationPortraitUpsideDown UIInterfaceOrientationLandscapeLeft UIInterfaceOrientationLandscapeRight";
				INFOPLIST_KEY_UISupportedInterfaceOrientations_iPhone = "UIInterfaceOrientationPortrait UIInterfaceOrientationLandscapeLeft UIInterfaceOrientationLandscapeRight";
				LD_RUNPATH_SEARCH_PATHS = (
					"$(inherited)",
					"@executable_path/Frameworks",
				);
				MARKETING_VERSION = 1.0;
				PRODUCT_BUNDLE_IDENTIFIER = edu.arifrahman.Sundanese;
				PRODUCT_NAME = "$(TARGET_NAME)";
				SWIFT_EMIT_LOC_STRINGS = YES;
				SWIFT_VERSION = 5.0;
				TARGETED_DEVICE_FAMILY = "1,2";
			};
			name = Debug;
		};
		7FD47EC02888604A001E1596 /* Release */ = {
			isa = XCBuildConfiguration;
			buildSettings = {
				ASSETCATALOG_COMPILER_APPICON_NAME = AppIcon;
				ASSETCATALOG_COMPILER_GLOBAL_ACCENT_COLOR_NAME = AccentColor;
				CODE_SIGN_STYLE = Automatic;
				CURRENT_PROJECT_VERSION = 1;
				DEVELOPMENT_ASSET_PATHS = "\"Sundanese/Preview Content\"";
				DEVELOPMENT_TEAM = WX488TK3G3;
				ENABLE_PREVIEWS = YES;
				GENERATE_INFOPLIST_FILE = YES;
				INFOPLIST_KEY_UIApplicationSceneManifest_Generation = YES;
				INFOPLIST_KEY_UIApplicationSupportsIndirectInputEvents = YES;
				INFOPLIST_KEY_UILaunchScreen_Generation = YES;
				INFOPLIST_KEY_UISupportedInterfaceOrientations_iPad = "UIInterfaceOrientationPortrait UIInterfaceOrientationPortraitUpsideDown UIInterfaceOrientationLandscapeLeft UIInterfaceOrientationLandscapeRight";
				INFOPLIST_KEY_UISupportedInterfaceOrientations_iPhone = "UIInterfaceOrientationPortrait UIInterfaceOrientationLandscapeLeft UIInterfaceOrientationLandscapeRight";
				LD_RUNPATH_SEARCH_PATHS = (
					"$(inherited)",
					"@executable_path/Frameworks",
				);
				MARKETING_VERSION = 1.0;
				PRODUCT_BUNDLE_IDENTIFIER = edu.arifrahman.Sundanese;
				PRODUCT_NAME = "$(TARGET_NAME)";
				SWIFT_EMIT_LOC_STRINGS = YES;
				SWIFT_VERSION = 5.0;
				TARGETED_DEVICE_FAMILY = "1,2";
			};
			name = Release;
		};
		7FD47EC22888604A001E1596 /* Debug */ = {
			isa = XCBuildConfiguration;
			buildSettings = {
				ALWAYS_EMBED_SWIFT_STANDARD_LIBRARIES = YES;
				BUNDLE_LOADER = "$(TEST_HOST)";
				CODE_SIGN_STYLE = Automatic;
				CURRENT_PROJECT_VERSION = 1;
				DEVELOPMENT_TEAM = WX488TK3G3;
				GENERATE_INFOPLIST_FILE = YES;
				IPHONEOS_DEPLOYMENT_TARGET = 15.5;
				MARKETING_VERSION = 1.0;
				PRODUCT_BUNDLE_IDENTIFIER = edu.arifrahman.SundaneseTests;
				PRODUCT_NAME = "$(TARGET_NAME)";
				SWIFT_EMIT_LOC_STRINGS = NO;
				SWIFT_VERSION = 5.0;
				TARGETED_DEVICE_FAMILY = "1,2";
				TEST_HOST = "$(BUILT_PRODUCTS_DIR)/Sundanese.app/Sundanese";
			};
			name = Debug;
		};
		7FD47EC32888604A001E1596 /* Release */ = {
			isa = XCBuildConfiguration;
			buildSettings = {
				ALWAYS_EMBED_SWIFT_STANDARD_LIBRARIES = YES;
				BUNDLE_LOADER = "$(TEST_HOST)";
				CODE_SIGN_STYLE = Automatic;
				CURRENT_PROJECT_VERSION = 1;
				DEVELOPMENT_TEAM = WX488TK3G3;
				GENERATE_INFOPLIST_FILE = YES;
				IPHONEOS_DEPLOYMENT_TARGET = 15.5;
				MARKETING_VERSION = 1.0;
				PRODUCT_BUNDLE_IDENTIFIER = edu.arifrahman.SundaneseTests;
				PRODUCT_NAME = "$(TARGET_NAME)";
				SWIFT_EMIT_LOC_STRINGS = NO;
				SWIFT_VERSION = 5.0;
				TARGETED_DEVICE_FAMILY = "1,2";
				TEST_HOST = "$(BUILT_PRODUCTS_DIR)/Sundanese.app/Sundanese";
			};
			name = Release;
		};
		7FD47EC52888604A001E1596 /* Debug */ = {
			isa = XCBuildConfiguration;
			buildSettings = {
				ALWAYS_EMBED_SWIFT_STANDARD_LIBRARIES = YES;
				CODE_SIGN_STYLE = Automatic;
				CURRENT_PROJECT_VERSION = 1;
				DEVELOPMENT_TEAM = WX488TK3G3;
				GENERATE_INFOPLIST_FILE = YES;
				MARKETING_VERSION = 1.0;
				PRODUCT_BUNDLE_IDENTIFIER = edu.arifrahman.SundaneseUITests;
				PRODUCT_NAME = "$(TARGET_NAME)";
				SWIFT_EMIT_LOC_STRINGS = NO;
				SWIFT_VERSION = 5.0;
				TARGETED_DEVICE_FAMILY = "1,2";
				TEST_TARGET_NAME = Sundanese;
			};
			name = Debug;
		};
		7FD47EC62888604A001E1596 /* Release */ = {
			isa = XCBuildConfiguration;
			buildSettings = {
				ALWAYS_EMBED_SWIFT_STANDARD_LIBRARIES = YES;
				CODE_SIGN_STYLE = Automatic;
				CURRENT_PROJECT_VERSION = 1;
				DEVELOPMENT_TEAM = WX488TK3G3;
				GENERATE_INFOPLIST_FILE = YES;
				MARKETING_VERSION = 1.0;
				PRODUCT_BUNDLE_IDENTIFIER = edu.arifrahman.SundaneseUITests;
				PRODUCT_NAME = "$(TARGET_NAME)";
				SWIFT_EMIT_LOC_STRINGS = NO;
				SWIFT_VERSION = 5.0;
				TARGETED_DEVICE_FAMILY = "1,2";
				TEST_TARGET_NAME = Sundanese;
			};
			name = Release;
		};
/* End XCBuildConfiguration section */

/* Begin XCConfigurationList section */
		7FD47E9028886048001E1596 /* Build configuration list for PBXProject "Sundanese" */ = {
			isa = XCConfigurationList;
			buildConfigurations = (
				7FD47EBC2888604A001E1596 /* Debug */,
				7FD47EBD2888604A001E1596 /* Release */,
			);
			defaultConfigurationIsVisible = 0;
			defaultConfigurationName = Release;
		};
		7FD47EBE2888604A001E1596 /* Build configuration list for PBXNativeTarget "Sundanese" */ = {
			isa = XCConfigurationList;
			buildConfigurations = (
				7FD47EBF2888604A001E1596 /* Debug */,
				7FD47EC02888604A001E1596 /* Release */,
			);
			defaultConfigurationIsVisible = 0;
			defaultConfigurationName = Release;
		};
		7FD47EC12888604A001E1596 /* Build configuration list for PBXNativeTarget "SundaneseTests" */ = {
			isa = XCConfigurationList;
			buildConfigurations = (
				7FD47EC22888604A001E1596 /* Debug */,
				7FD47EC32888604A001E1596 /* Release */,
			);
			defaultConfigurationIsVisible = 0;
			defaultConfigurationName = Release;
		};
		7FD47EC42888604A001E1596 /* Build configuration list for PBXNativeTarget "SundaneseUITests" */ = {
			isa = XCConfigurationList;
			buildConfigurations = (
				7FD47EC52888604A001E1596 /* Debug */,
				7FD47EC62888604A001E1596 /* Release */,
			);
			defaultConfigurationIsVisible = 0;
			defaultConfigurationName = Release;
		};
/* End XCConfigurationList section */

/* Begin XCVersionGroup section */
		7FD47EA32888604A001E1596 /* Sundanese.xcdatamodeld */ = {
			isa = XCVersionGroup;
			children = (
				7FD47EA42888604A001E1596 /* Sundanese.xcdatamodel */,
			);
			currentVersion = 7FD47EA42888604A001E1596 /* Sundanese.xcdatamodel */;
			path = Sundanese.xcdatamodeld;
			sourceTree = "<group>";
			versionGroupType = wrapper.xcdatamodel;
		};
/* End XCVersionGroup section */
	};
	rootObject = 7FD47E8D28886048001E1596 /* Project object */;
}
